
Microsoft Visual Studio Solution File, Format Version 12.00
# Visual Studio Version 17
VisualStudioVersion = 17.9.34607.119
MinimumVisualStudioVersion = 10.0.40219.1
Project("{FAE04EC0-301F-11D3-BF4B-00C04F79EFBC}") = "Chapter1", "Chapter1\Chapter1.csproj", "{1FA0E1D9-9C4B-47E8-B717-E516083BB08C}"
EndProject
Global
	GlobalSection(SolutionConfigurationPlatforms) = preSolution
		Debug|Any CPU = Debug|Any CPU
		Release|Any CPU = Release|Any CPU
	EndGlobalSection
	GlobalSection(ProjectConfigurationPlatforms) = postSolution
		{1FA0E1D9-9C4B-47E8-B717-E516083BB08C}.Debug|Any CPU.ActiveCfg = Debug|Any CPU
		{1FA0E1D9-9C4B-47E8-B717-E516083BB08C}.Debug|Any CPU.Build.0 = Debug|Any CPU
		{1FA0E1D9-9C4B-47E8-B717-E516083BB08C}.Release|Any CPU.ActiveCfg = Release|Any CPU
		{1FA0E1D9-9C4B-47E8-B717-E516083BB08C}.Release|Any CPU.Build.0 = Release|Any CPU
	EndGlobalSection
	GlobalSection(SolutionProperties) = preSolution
		HideSolutionNode = FALSE
	EndGlobalSection
	GlobalSection(ExtensibilityGlobals) = postSolution
		SolutionGuid = {A96C998B-6110-43CE-B73F-89142A877128}
	EndGlobalSection
EndGlobal
